{
  "version": 4,
  "terraform_version": "1.4.6",
  "serial": 65,
  "lineage": "be8b3593-ffd1-266e-5f2d-3461ef5da9cb",
  "outputs": {
    "avs_name": {
      "value": "lavs",
      "type": "string"
    },
    "first_subnet_address_space": {
      "value": [
        "10.0.0.0/24"
      ],
      "type": [
        "list",
        "string"
      ]
    },
    "first_subnet_name": {
      "value": "network-subnet1",
      "type": "string"
    },
    "second_subnet_address_space": {
      "value": [
        "10.0.1.0/24"
      ],
      "type": [
        "list",
        "string"
      ]
    },
    "second_subnet_name": {
      "value": "network-subnet2",
      "type": "string"
    },
    "virtual_network_name": {
      "value": "network-vnet",
      "type": "string"
    },
    "vm_fqdns": {
      "value": [
        "n01545552-n01545552-u-vm1-0.canadacentral.cloudapp.azure.com",
        "n01545552-n01545552-u-vm1-1.canadacentral.cloudapp.azure.com"
      ],
      "type": [
        "tuple",
        [
          "string",
          "string"
        ]
      ]
    },
    "vm_hostnames": {
      "value": [
        "n01545552-u-vm1-0",
        "n01545552-u-vm1-1"
      ],
      "type": [
        "tuple",
        [
          "string",
          "string"
        ]
      ]
    },
    "vm_private_ips": {
      "value": [
        "10.0.0.4",
        "10.0.0.5"
      ],
      "type": [
        "tuple",
        [
          "string",
          "string"
        ]
      ]
    },
    "vm_public_ips": {
      "value": [
        "",
        ""
      ],
      "type": [
        "tuple",
        [
          "string",
          "string"
        ]
      ]
    },
    "vnet_address_space": {
      "value": [
        "10.0.0.0/16"
      ],
      "type": [
        "list",
        "string"
      ]
    }
  },
  "resources": [
    {
      "mode": "managed",
      "type": "azurerm_availability_set",
      "name": "av_set",
      "provider": "provider[\"registry.terraform.io/hashicorp/azurerm\"]",
      "instances": [
        {
          "schema_version": 0,
          "attributes": {
            "id": "/subscriptions/03fe48c1-a8fb-49f5-affe-98dd12013d92/resourceGroups/network-rg/providers/Microsoft.Compute/availabilitySets/lavs",
            "location": "canadacentral",
            "managed": true,
            "name": "lavs",
            "platform_fault_domain_count": 2,
            "platform_update_domain_count": 5,
            "proximity_placement_group_id": null,
            "resource_group_name": "network-rg",
            "tags": {
              "Name": "lavs",
              "Project": "Learning"
            },
            "timeouts": null
          },
          "sensitive_attributes": [],
          "private": "eyJlMmJmYjczMC1lY2FhLTExZTYtOGY4OC0zNDM2M2JjN2M0YzAiOnsiY3JlYXRlIjoxODAwMDAwMDAwMDAwLCJkZWxldGUiOjE4MDAwMDAwMDAwMDAsInJlYWQiOjMwMDAwMDAwMDAwMCwidXBkYXRlIjoxODAwMDAwMDAwMDAwfX0=",
          "dependencies": [
            "azurerm_resource_group.first-rg"
          ]
        }
      ]
    },
    {
      "mode": "managed",
      "type": "azurerm_linux_virtual_machine",
      "name": "virtual_machine",
      "provider": "provider[\"registry.terraform.io/hashicorp/azurerm\"]",
      "instances": [
        {
          "index_key": 0,
          "schema_version": 0,
          "attributes": {
            "additional_capabilities": [],
            "admin_password": null,
            "admin_ssh_key": [
              {
                "public_key": "ssh-rsa AAAAB3NzaC1yc2EAAAADAQABAAABgQDkZMXrA/IjTK7MMzV02gVAGrV0AWd02WoUq23Wbb9oTBQdtKOmkdAOAD/3TfxK3SJr6jy50h+t4TPkVTq9JH4diwbFFrUcRd//7XH6MLNZtuNSMgCvH+1pxH/JmMOqrXgr9NVtk3G2AVXUWtQ6S63BzB9vSIhgxQ19SVK8Z8HhKzKtaApj2cC4LJ6prBMSM7fDa0uef6Ea+MawFk4sy6+zBrKPrDx5D/YDEUlDGgBJzLrElonk+6gavl16izcQ0nba2Gd/J8vkgDWj4+JLJf4fFB6Qd8vUZyycG/Rf14k9vxNbgoGYCG7CuUkmbw9ehvrYFwSZNW3MOGd0xwlcpARJZWC4VE7iH/lsXGl9dbGOMswJm0DAAHoNJyYgePHeShqOLGMHCuChde2S9kBh+fJWCQKS/CgchmP2CJseLwRiPt9zJ/fSVhaEdyD1CXP/nxvxA5YDvm1hWFbXVSpYXAuILBQ1BmeVyaqKve3sumUebLmd53hXFUXh1Ll8up3Qnx8= koushindrakumar@kk.local\n",
                "username": "n01545552"
              }
            ],
            "admin_username": "n01545552",
            "allow_extension_operations": true,
            "availability_set_id": "/subscriptions/03fe48c1-a8fb-49f5-affe-98dd12013d92/resourceGroups/network-rg/providers/Microsoft.Compute/availabilitySets/LAVS",
            "boot_diagnostics": [],
            "capacity_reservation_group_id": "",
            "computer_name": "n01545552-u-vm1-0",
            "custom_data": null,
            "dedicated_host_group_id": "",
            "dedicated_host_id": "",
            "disable_password_authentication": true,
            "edge_zone": "",
            "encryption_at_host_enabled": false,
            "eviction_policy": "",
            "extensions_time_budget": "PT1H30M",
            "gallery_application": [],
            "id": "/subscriptions/03fe48c1-a8fb-49f5-affe-98dd12013d92/resourceGroups/network-rg/providers/Microsoft.Compute/virtualMachines/n01545552-u-vm1-0",
            "identity": [],
            "license_type": "",
            "location": "canadacentral",
            "max_bid_price": -1,
            "name": "n01545552-u-vm1-0",
            "network_interface_ids": [
              "/subscriptions/03fe48c1-a8fb-49f5-affe-98dd12013d92/resourceGroups/network-rg/providers/Microsoft.Network/networkInterfaces/n01545552-u-vm1-0-nic"
            ],
            "os_disk": [
              {
                "caching": "ReadWrite",
                "diff_disk_settings": [],
                "disk_encryption_set_id": "",
                "disk_size_gb": 32,
                "name": "n01545552-u-vm1-0-os_disk",
                "secure_vm_disk_encryption_set_id": "",
                "security_encryption_type": "",
                "storage_account_type": "Premium_LRS",
                "write_accelerator_enabled": false
              }
            ],
            "patch_assessment_mode": "ImageDefault",
            "patch_mode": "ImageDefault",
            "plan": [],
            "platform_fault_domain": -1,
            "priority": "Regular",
            "private_ip_address": "10.0.0.4",
            "private_ip_addresses": [
              "10.0.0.4"
            ],
            "provision_vm_agent": true,
            "proximity_placement_group_id": "",
            "public_ip_address": "4.205.34.237",
            "public_ip_addresses": [
              "4.205.34.237"
            ],
            "resource_group_name": "network-rg",
            "secret": [],
            "secure_boot_enabled": false,
            "size": "Standard_B1s",
            "source_image_id": "",
            "source_image_reference": [
              {
                "offer": "UbuntuServer",
                "publisher": "Canonical",
                "sku": "18.04-LTS",
                "version": "latest"
              }
            ],
            "tags": {
              "Name": "n01545552-u-vm1-0-vm",
              "Project": "Learning"
            },
            "termination_notification": null,
            "timeouts": null,
            "user_data": "",
            "virtual_machine_id": "cc9d468d-6544-41b4-90f3-d63abba34e87",
            "virtual_machine_scale_set_id": "",
            "vtpm_enabled": false,
            "zone": ""
          },
          "sensitive_attributes": [],
          "private": "eyJlMmJmYjczMC1lY2FhLTExZTYtOGY4OC0zNDM2M2JjN2M0YzAiOnsiY3JlYXRlIjoyNzAwMDAwMDAwMDAwLCJkZWxldGUiOjI3MDAwMDAwMDAwMDAsInJlYWQiOjMwMDAwMDAwMDAwMCwidXBkYXRlIjoyNzAwMDAwMDAwMDAwfX0=",
          "dependencies": [
            "azurerm_availability_set.av_set",
            "azurerm_network_interface.interface",
            "azurerm_public_ip.public_ip",
            "azurerm_resource_group.first-rg",
            "azurerm_subnet.first-rg-net-subnet1",
            "azurerm_virtual_network.first-rg-net"
          ]
        },
        {
          "index_key": 1,
          "schema_version": 0,
          "attributes": {
            "additional_capabilities": [],
            "admin_password": null,
            "admin_ssh_key": [
              {
                "public_key": "ssh-rsa AAAAB3NzaC1yc2EAAAADAQABAAABgQDkZMXrA/IjTK7MMzV02gVAGrV0AWd02WoUq23Wbb9oTBQdtKOmkdAOAD/3TfxK3SJr6jy50h+t4TPkVTq9JH4diwbFFrUcRd//7XH6MLNZtuNSMgCvH+1pxH/JmMOqrXgr9NVtk3G2AVXUWtQ6S63BzB9vSIhgxQ19SVK8Z8HhKzKtaApj2cC4LJ6prBMSM7fDa0uef6Ea+MawFk4sy6+zBrKPrDx5D/YDEUlDGgBJzLrElonk+6gavl16izcQ0nba2Gd/J8vkgDWj4+JLJf4fFB6Qd8vUZyycG/Rf14k9vxNbgoGYCG7CuUkmbw9ehvrYFwSZNW3MOGd0xwlcpARJZWC4VE7iH/lsXGl9dbGOMswJm0DAAHoNJyYgePHeShqOLGMHCuChde2S9kBh+fJWCQKS/CgchmP2CJseLwRiPt9zJ/fSVhaEdyD1CXP/nxvxA5YDvm1hWFbXVSpYXAuILBQ1BmeVyaqKve3sumUebLmd53hXFUXh1Ll8up3Qnx8= koushindrakumar@kk.local\n",
                "username": "n01545552"
              }
            ],
            "admin_username": "n01545552",
            "allow_extension_operations": true,
            "availability_set_id": "/subscriptions/03fe48c1-a8fb-49f5-affe-98dd12013d92/resourceGroups/network-rg/providers/Microsoft.Compute/availabilitySets/LAVS",
            "boot_diagnostics": [],
            "capacity_reservation_group_id": "",
            "computer_name": "n01545552-u-vm1-1",
            "custom_data": null,
            "dedicated_host_group_id": "",
            "dedicated_host_id": "",
            "disable_password_authentication": true,
            "edge_zone": "",
            "encryption_at_host_enabled": false,
            "eviction_policy": "",
            "extensions_time_budget": "PT1H30M",
            "gallery_application": [],
            "id": "/subscriptions/03fe48c1-a8fb-49f5-affe-98dd12013d92/resourceGroups/network-rg/providers/Microsoft.Compute/virtualMachines/n01545552-u-vm1-1",
            "identity": [],
            "license_type": "",
            "location": "canadacentral",
            "max_bid_price": -1,
            "name": "n01545552-u-vm1-1",
            "network_interface_ids": [
              "/subscriptions/03fe48c1-a8fb-49f5-affe-98dd12013d92/resourceGroups/network-rg/providers/Microsoft.Network/networkInterfaces/n01545552-u-vm1-1-nic"
            ],
            "os_disk": [
              {
                "caching": "ReadWrite",
                "diff_disk_settings": [],
                "disk_encryption_set_id": "",
                "disk_size_gb": 32,
                "name": "n01545552-u-vm1-1-os_disk",
                "secure_vm_disk_encryption_set_id": "",
                "security_encryption_type": "",
                "storage_account_type": "Premium_LRS",
                "write_accelerator_enabled": false
              }
            ],
            "patch_assessment_mode": "ImageDefault",
            "patch_mode": "ImageDefault",
            "plan": [],
            "platform_fault_domain": -1,
            "priority": "Regular",
            "private_ip_address": "10.0.0.5",
            "private_ip_addresses": [
              "10.0.0.5"
            ],
            "provision_vm_agent": true,
            "proximity_placement_group_id": "",
            "public_ip_address": "4.205.34.240",
            "public_ip_addresses": [
              "4.205.34.240"
            ],
            "resource_group_name": "network-rg",
            "secret": [],
            "secure_boot_enabled": false,
            "size": "Standard_B1s",
            "source_image_id": "",
            "source_image_reference": [
              {
                "offer": "UbuntuServer",
                "publisher": "Canonical",
                "sku": "18.04-LTS",
                "version": "latest"
              }
            ],
            "tags": {
              "Name": "n01545552-u-vm1-1-vm",
              "Project": "Learning"
            },
            "termination_notification": null,
            "timeouts": null,
            "user_data": "",
            "virtual_machine_id": "f821d2ad-852d-4e26-9f38-54f7f3262eed",
            "virtual_machine_scale_set_id": "",
            "vtpm_enabled": false,
            "zone": ""
          },
          "sensitive_attributes": [],
          "private": "eyJlMmJmYjczMC1lY2FhLTExZTYtOGY4OC0zNDM2M2JjN2M0YzAiOnsiY3JlYXRlIjoyNzAwMDAwMDAwMDAwLCJkZWxldGUiOjI3MDAwMDAwMDAwMDAsInJlYWQiOjMwMDAwMDAwMDAwMCwidXBkYXRlIjoyNzAwMDAwMDAwMDAwfX0=",
          "dependencies": [
            "azurerm_availability_set.av_set",
            "azurerm_network_interface.interface",
            "azurerm_public_ip.public_ip",
            "azurerm_resource_group.first-rg",
            "azurerm_subnet.first-rg-net-subnet1",
            "azurerm_virtual_network.first-rg-net"
          ]
        }
      ]
    },
    {
      "mode": "managed",
      "type": "azurerm_network_interface",
      "name": "interface",
      "provider": "provider[\"registry.terraform.io/hashicorp/azurerm\"]",
      "instances": [
        {
          "index_key": 0,
          "schema_version": 0,
          "attributes": {
            "applied_dns_servers": [],
            "dns_servers": [],
            "edge_zone": "",
            "enable_accelerated_networking": false,
            "enable_ip_forwarding": false,
            "id": "/subscriptions/03fe48c1-a8fb-49f5-affe-98dd12013d92/resourceGroups/network-rg/providers/Microsoft.Network/networkInterfaces/n01545552-u-vm1-0-nic",
            "internal_dns_name_label": "",
            "internal_domain_name_suffix": "qirvxpld0txe3l3ssel03gnijg.ux.internal.cloudapp.net",
            "ip_configuration": [
              {
                "gateway_load_balancer_frontend_ip_configuration_id": "",
                "name": "n01545552-u-vm1-0-ipconfig",
                "primary": true,
                "private_ip_address": "10.0.0.4",
                "private_ip_address_allocation": "Dynamic",
                "private_ip_address_version": "IPv4",
                "public_ip_address_id": "/subscriptions/03fe48c1-a8fb-49f5-affe-98dd12013d92/resourceGroups/network-rg/providers/Microsoft.Network/publicIPAddresses/n01545552-u-vm1-0-pip",
                "subnet_id": "/subscriptions/03fe48c1-a8fb-49f5-affe-98dd12013d92/resourceGroups/network-rg/providers/Microsoft.Network/virtualNetworks/network-vnet/subnets/network-subnet1"
              }
            ],
            "location": "canadacentral",
            "mac_address": "",
            "name": "n01545552-u-vm1-0-nic",
            "private_ip_address": "10.0.0.4",
            "private_ip_addresses": [
              "10.0.0.4"
            ],
            "resource_group_name": "network-rg",
            "tags": {
              "Name": "n01545552-u-vm1-0-nic",
              "Project": "Learning"
            },
            "timeouts": null,
            "virtual_machine_id": ""
          },
          "sensitive_attributes": [],
          "private": "eyJlMmJmYjczMC1lY2FhLTExZTYtOGY4OC0zNDM2M2JjN2M0YzAiOnsiY3JlYXRlIjoxODAwMDAwMDAwMDAwLCJkZWxldGUiOjE4MDAwMDAwMDAwMDAsInJlYWQiOjMwMDAwMDAwMDAwMCwidXBkYXRlIjoxODAwMDAwMDAwMDAwfX0=",
          "dependencies": [
            "azurerm_public_ip.public_ip",
            "azurerm_resource_group.first-rg",
            "azurerm_subnet.first-rg-net-subnet1",
            "azurerm_virtual_network.first-rg-net"
          ]
        },
        {
          "index_key": 1,
          "schema_version": 0,
          "attributes": {
            "applied_dns_servers": [],
            "dns_servers": [],
            "edge_zone": "",
            "enable_accelerated_networking": false,
            "enable_ip_forwarding": false,
            "id": "/subscriptions/03fe48c1-a8fb-49f5-affe-98dd12013d92/resourceGroups/network-rg/providers/Microsoft.Network/networkInterfaces/n01545552-u-vm1-1-nic",
            "internal_dns_name_label": "",
            "internal_domain_name_suffix": "qirvxpld0txe3l3ssel03gnijg.ux.internal.cloudapp.net",
            "ip_configuration": [
              {
                "gateway_load_balancer_frontend_ip_configuration_id": "",
                "name": "n01545552-u-vm1-1-ipconfig",
                "primary": true,
                "private_ip_address": "10.0.0.5",
                "private_ip_address_allocation": "Dynamic",
                "private_ip_address_version": "IPv4",
                "public_ip_address_id": "/subscriptions/03fe48c1-a8fb-49f5-affe-98dd12013d92/resourceGroups/network-rg/providers/Microsoft.Network/publicIPAddresses/n01545552-u-vm1-1-pip",
                "subnet_id": "/subscriptions/03fe48c1-a8fb-49f5-affe-98dd12013d92/resourceGroups/network-rg/providers/Microsoft.Network/virtualNetworks/network-vnet/subnets/network-subnet1"
              }
            ],
            "location": "canadacentral",
            "mac_address": "",
            "name": "n01545552-u-vm1-1-nic",
            "private_ip_address": "10.0.0.5",
            "private_ip_addresses": [
              "10.0.0.5"
            ],
            "resource_group_name": "network-rg",
            "tags": {
              "Name": "n01545552-u-vm1-1-nic",
              "Project": "Learning"
            },
            "timeouts": null,
            "virtual_machine_id": ""
          },
          "sensitive_attributes": [],
          "private": "eyJlMmJmYjczMC1lY2FhLTExZTYtOGY4OC0zNDM2M2JjN2M0YzAiOnsiY3JlYXRlIjoxODAwMDAwMDAwMDAwLCJkZWxldGUiOjE4MDAwMDAwMDAwMDAsInJlYWQiOjMwMDAwMDAwMDAwMCwidXBkYXRlIjoxODAwMDAwMDAwMDAwfX0=",
          "dependencies": [
            "azurerm_public_ip.public_ip",
            "azurerm_resource_group.first-rg",
            "azurerm_subnet.first-rg-net-subnet1",
            "azurerm_virtual_network.first-rg-net"
          ]
        }
      ]
    },
    {
      "mode": "managed",
      "type": "azurerm_network_security_group",
      "name": "security-group1",
      "provider": "provider[\"registry.terraform.io/hashicorp/azurerm\"]",
      "instances": [
        {
          "schema_version": 0,
          "attributes": {
            "id": "/subscriptions/03fe48c1-a8fb-49f5-affe-98dd12013d92/resourceGroups/network-rg/providers/Microsoft.Network/networkSecurityGroups/network-nsg1",
            "location": "canadacentral",
            "name": "network-nsg1",
            "resource_group_name": "network-rg",
            "security_rule": [
              {
                "access": "Allow",
                "description": "",
                "destination_address_prefix": "*",
                "destination_address_prefixes": [],
                "destination_application_security_group_ids": [],
                "destination_port_range": "22",
                "destination_port_ranges": [],
                "direction": "Inbound",
                "name": "rule1",
                "priority": 100,
                "protocol": "Tcp",
                "source_address_prefix": "*",
                "source_address_prefixes": [],
                "source_application_security_group_ids": [],
                "source_port_range": "*",
                "source_port_ranges": []
              }
            ],
            "tags": null,
            "timeouts": null
          },
          "sensitive_attributes": [],
          "private": "eyJlMmJmYjczMC1lY2FhLTExZTYtOGY4OC0zNDM2M2JjN2M0YzAiOnsiY3JlYXRlIjoxODAwMDAwMDAwMDAwLCJkZWxldGUiOjE4MDAwMDAwMDAwMDAsInJlYWQiOjMwMDAwMDAwMDAwMCwidXBkYXRlIjoxODAwMDAwMDAwMDAwfX0=",
          "dependencies": [
            "azurerm_resource_group.first-rg"
          ]
        }
      ]
    },
    {
      "mode": "managed",
      "type": "azurerm_network_security_group",
      "name": "security-group2",
      "provider": "provider[\"registry.terraform.io/hashicorp/azurerm\"]",
      "instances": [
        {
          "schema_version": 0,
          "attributes": {
            "id": "/subscriptions/03fe48c1-a8fb-49f5-affe-98dd12013d92/resourceGroups/network-rg/providers/Microsoft.Network/networkSecurityGroups/network-nsg2",
            "location": "canadacentral",
            "name": "network-nsg2",
            "resource_group_name": "network-rg",
            "security_rule": [
              {
                "access": "Allow",
                "description": "",
                "destination_address_prefix": "*",
                "destination_address_prefixes": [],
                "destination_application_security_group_ids": [],
                "destination_port_range": "3389",
                "destination_port_ranges": [],
                "direction": "Inbound",
                "name": "rule1",
                "priority": 100,
                "protocol": "Tcp",
                "source_address_prefix": "*",
                "source_address_prefixes": [],
                "source_application_security_group_ids": [],
                "source_port_range": "*",
                "source_port_ranges": []
              },
              {
                "access": "Allow",
                "description": "",
                "destination_address_prefix": "*",
                "destination_address_prefixes": [],
                "destination_application_security_group_ids": [],
                "destination_port_range": "5985",
                "destination_port_ranges": [],
                "direction": "Inbound",
                "name": "rule2",
                "priority": 200,
                "protocol": "Tcp",
                "source_address_prefix": "*",
                "source_address_prefixes": [],
                "source_application_security_group_ids": [],
                "source_port_range": "*",
                "source_port_ranges": []
              }
            ],
            "tags": null,
            "timeouts": null
          },
          "sensitive_attributes": [],
          "private": "eyJlMmJmYjczMC1lY2FhLTExZTYtOGY4OC0zNDM2M2JjN2M0YzAiOnsiY3JlYXRlIjoxODAwMDAwMDAwMDAwLCJkZWxldGUiOjE4MDAwMDAwMDAwMDAsInJlYWQiOjMwMDAwMDAwMDAwMCwidXBkYXRlIjoxODAwMDAwMDAwMDAwfX0=",
          "dependencies": [
            "azurerm_resource_group.first-rg"
          ]
        }
      ]
    },
    {
      "mode": "managed",
      "type": "azurerm_public_ip",
      "name": "public_ip",
      "provider": "provider[\"registry.terraform.io/hashicorp/azurerm\"]",
      "instances": [
        {
          "index_key": 0,
          "schema_version": 0,
          "attributes": {
            "allocation_method": "Dynamic",
            "ddos_protection_mode": "VirtualNetworkInherited",
            "ddos_protection_plan_id": null,
            "domain_name_label": "n01545552-n01545552-u-vm1-0",
            "edge_zone": "",
            "fqdn": "n01545552-n01545552-u-vm1-0.canadacentral.cloudapp.azure.com",
            "id": "/subscriptions/03fe48c1-a8fb-49f5-affe-98dd12013d92/resourceGroups/network-rg/providers/Microsoft.Network/publicIPAddresses/n01545552-u-vm1-0-pip",
            "idle_timeout_in_minutes": 4,
            "ip_address": "",
            "ip_tags": null,
            "ip_version": "IPv4",
            "location": "canadacentral",
            "name": "n01545552-u-vm1-0-pip",
            "public_ip_prefix_id": null,
            "resource_group_name": "network-rg",
            "reverse_fqdn": "",
            "sku": "Basic",
            "sku_tier": "Regional",
            "tags": {
              "Name": "n01545552-u-vm1-0-pip",
              "Project": "Learning"
            },
            "timeouts": null,
            "zones": null
          },
          "sensitive_attributes": [],
          "private": "eyJlMmJmYjczMC1lY2FhLTExZTYtOGY4OC0zNDM2M2JjN2M0YzAiOnsiY3JlYXRlIjoxODAwMDAwMDAwMDAwLCJkZWxldGUiOjE4MDAwMDAwMDAwMDAsInJlYWQiOjMwMDAwMDAwMDAwMCwidXBkYXRlIjoxODAwMDAwMDAwMDAwfX0=",
          "dependencies": [
            "azurerm_resource_group.first-rg"
          ]
        },
        {
          "index_key": 1,
          "schema_version": 0,
          "attributes": {
            "allocation_method": "Dynamic",
            "ddos_protection_mode": "VirtualNetworkInherited",
            "ddos_protection_plan_id": null,
            "domain_name_label": "n01545552-n01545552-u-vm1-1",
            "edge_zone": "",
            "fqdn": "n01545552-n01545552-u-vm1-1.canadacentral.cloudapp.azure.com",
            "id": "/subscriptions/03fe48c1-a8fb-49f5-affe-98dd12013d92/resourceGroups/network-rg/providers/Microsoft.Network/publicIPAddresses/n01545552-u-vm1-1-pip",
            "idle_timeout_in_minutes": 4,
            "ip_address": "",
            "ip_tags": null,
            "ip_version": "IPv4",
            "location": "canadacentral",
            "name": "n01545552-u-vm1-1-pip",
            "public_ip_prefix_id": null,
            "resource_group_name": "network-rg",
            "reverse_fqdn": "",
            "sku": "Basic",
            "sku_tier": "Regional",
            "tags": {
              "Name": "n01545552-u-vm1-1-pip",
              "Project": "Learning"
            },
            "timeouts": null,
            "zones": null
          },
          "sensitive_attributes": [],
          "private": "eyJlMmJmYjczMC1lY2FhLTExZTYtOGY4OC0zNDM2M2JjN2M0YzAiOnsiY3JlYXRlIjoxODAwMDAwMDAwMDAwLCJkZWxldGUiOjE4MDAwMDAwMDAwMDAsInJlYWQiOjMwMDAwMDAwMDAwMCwidXBkYXRlIjoxODAwMDAwMDAwMDAwfX0=",
          "dependencies": [
            "azurerm_resource_group.first-rg"
          ]
        }
      ]
    },
    {
      "mode": "managed",
      "type": "azurerm_resource_group",
      "name": "first-rg",
      "provider": "provider[\"registry.terraform.io/hashicorp/azurerm\"]",
      "instances": [
        {
          "schema_version": 0,
          "attributes": {
            "id": "/subscriptions/03fe48c1-a8fb-49f5-affe-98dd12013d92/resourceGroups/network-rg",
            "location": "canadacentral",
            "name": "network-rg",
            "tags": null,
            "timeouts": null
          },
          "sensitive_attributes": [],
          "private": "eyJlMmJmYjczMC1lY2FhLTExZTYtOGY4OC0zNDM2M2JjN2M0YzAiOnsiY3JlYXRlIjo1NDAwMDAwMDAwMDAwLCJkZWxldGUiOjU0MDAwMDAwMDAwMDAsInJlYWQiOjMwMDAwMDAwMDAwMCwidXBkYXRlIjo1NDAwMDAwMDAwMDAwfX0="
        }
      ]
    },
    {
      "mode": "managed",
      "type": "azurerm_subnet",
      "name": "first-rg-net-subnet1",
      "provider": "provider[\"registry.terraform.io/hashicorp/azurerm\"]",
      "instances": [
        {
          "schema_version": 0,
          "attributes": {
            "address_prefixes": [
              "10.0.0.0/24"
            ],
            "delegation": [],
            "enforce_private_link_endpoint_network_policies": false,
            "enforce_private_link_service_network_policies": false,
            "id": "/subscriptions/03fe48c1-a8fb-49f5-affe-98dd12013d92/resourceGroups/network-rg/providers/Microsoft.Network/virtualNetworks/network-vnet/subnets/network-subnet1",
            "name": "network-subnet1",
            "private_endpoint_network_policies_enabled": true,
            "private_link_service_network_policies_enabled": true,
            "resource_group_name": "network-rg",
            "service_endpoint_policy_ids": null,
            "service_endpoints": null,
            "timeouts": null,
            "virtual_network_name": "network-vnet"
          },
          "sensitive_attributes": [],
          "private": "eyJlMmJmYjczMC1lY2FhLTExZTYtOGY4OC0zNDM2M2JjN2M0YzAiOnsiY3JlYXRlIjoxODAwMDAwMDAwMDAwLCJkZWxldGUiOjE4MDAwMDAwMDAwMDAsInJlYWQiOjMwMDAwMDAwMDAwMCwidXBkYXRlIjoxODAwMDAwMDAwMDAwfX0=",
          "dependencies": [
            "azurerm_resource_group.first-rg",
            "azurerm_virtual_network.first-rg-net"
          ]
        }
      ]
    },
    {
      "mode": "managed",
      "type": "azurerm_subnet",
      "name": "first-rg-net-subnet2",
      "provider": "provider[\"registry.terraform.io/hashicorp/azurerm\"]",
      "instances": [
        {
          "schema_version": 0,
          "attributes": {
            "address_prefixes": [
              "10.0.1.0/24"
            ],
            "delegation": [],
            "enforce_private_link_endpoint_network_policies": false,
            "enforce_private_link_service_network_policies": false,
            "id": "/subscriptions/03fe48c1-a8fb-49f5-affe-98dd12013d92/resourceGroups/network-rg/providers/Microsoft.Network/virtualNetworks/network-vnet/subnets/network-subnet2",
            "name": "network-subnet2",
            "private_endpoint_network_policies_enabled": true,
            "private_link_service_network_policies_enabled": true,
            "resource_group_name": "network-rg",
            "service_endpoint_policy_ids": null,
            "service_endpoints": null,
            "timeouts": null,
            "virtual_network_name": "network-vnet"
          },
          "sensitive_attributes": [],
          "private": "eyJlMmJmYjczMC1lY2FhLTExZTYtOGY4OC0zNDM2M2JjN2M0YzAiOnsiY3JlYXRlIjoxODAwMDAwMDAwMDAwLCJkZWxldGUiOjE4MDAwMDAwMDAwMDAsInJlYWQiOjMwMDAwMDAwMDAwMCwidXBkYXRlIjoxODAwMDAwMDAwMDAwfX0=",
          "dependencies": [
            "azurerm_resource_group.first-rg",
            "azurerm_virtual_network.first-rg-net"
          ]
        }
      ]
    },
    {
      "mode": "managed",
      "type": "azurerm_subnet_network_security_group_association",
      "name": "subnet1-nsg1-mapping",
      "provider": "provider[\"registry.terraform.io/hashicorp/azurerm\"]",
      "instances": [
        {
          "schema_version": 0,
          "attributes": {
            "id": "/subscriptions/03fe48c1-a8fb-49f5-affe-98dd12013d92/resourceGroups/network-rg/providers/Microsoft.Network/virtualNetworks/network-vnet/subnets/network-subnet1",
            "network_security_group_id": "/subscriptions/03fe48c1-a8fb-49f5-affe-98dd12013d92/resourceGroups/network-rg/providers/Microsoft.Network/networkSecurityGroups/network-nsg1",
            "subnet_id": "/subscriptions/03fe48c1-a8fb-49f5-affe-98dd12013d92/resourceGroups/network-rg/providers/Microsoft.Network/virtualNetworks/network-vnet/subnets/network-subnet1",
            "timeouts": null
          },
          "sensitive_attributes": [],
          "private": "eyJlMmJmYjczMC1lY2FhLTExZTYtOGY4OC0zNDM2M2JjN2M0YzAiOnsiY3JlYXRlIjoxODAwMDAwMDAwMDAwLCJkZWxldGUiOjE4MDAwMDAwMDAwMDAsInJlYWQiOjMwMDAwMDAwMDAwMCwidXBkYXRlIjoxODAwMDAwMDAwMDAwfX0=",
          "dependencies": [
            "azurerm_network_security_group.security-group1",
            "azurerm_resource_group.first-rg",
            "azurerm_subnet.first-rg-net-subnet1",
            "azurerm_virtual_network.first-rg-net"
          ]
        }
      ]
    },
    {
      "mode": "managed",
      "type": "azurerm_subnet_network_security_group_association",
      "name": "subnet2-nsg2-mapping",
      "provider": "provider[\"registry.terraform.io/hashicorp/azurerm\"]",
      "instances": [
        {
          "schema_version": 0,
          "attributes": {
            "id": "/subscriptions/03fe48c1-a8fb-49f5-affe-98dd12013d92/resourceGroups/network-rg/providers/Microsoft.Network/virtualNetworks/network-vnet/subnets/network-subnet2",
            "network_security_group_id": "/subscriptions/03fe48c1-a8fb-49f5-affe-98dd12013d92/resourceGroups/network-rg/providers/Microsoft.Network/networkSecurityGroups/network-nsg2",
            "subnet_id": "/subscriptions/03fe48c1-a8fb-49f5-affe-98dd12013d92/resourceGroups/network-rg/providers/Microsoft.Network/virtualNetworks/network-vnet/subnets/network-subnet2",
            "timeouts": null
          },
          "sensitive_attributes": [],
          "private": "eyJlMmJmYjczMC1lY2FhLTExZTYtOGY4OC0zNDM2M2JjN2M0YzAiOnsiY3JlYXRlIjoxODAwMDAwMDAwMDAwLCJkZWxldGUiOjE4MDAwMDAwMDAwMDAsInJlYWQiOjMwMDAwMDAwMDAwMCwidXBkYXRlIjoxODAwMDAwMDAwMDAwfX0=",
          "dependencies": [
            "azurerm_network_security_group.security-group2",
            "azurerm_resource_group.first-rg",
            "azurerm_subnet.first-rg-net-subnet2",
            "azurerm_virtual_network.first-rg-net"
          ]
        }
      ]
    },
    {
      "mode": "managed",
      "type": "azurerm_virtual_network",
      "name": "first-rg-net",
      "provider": "provider[\"registry.terraform.io/hashicorp/azurerm\"]",
      "instances": [
        {
          "schema_version": 0,
          "attributes": {
            "address_space": [
              "10.0.0.0/16"
            ],
            "bgp_community": "",
            "ddos_protection_plan": [],
            "dns_servers": [],
            "edge_zone": "",
            "flow_timeout_in_minutes": 0,
            "guid": "bd5b2382-d463-4eee-afb2-9117ae99a84e",
            "id": "/subscriptions/03fe48c1-a8fb-49f5-affe-98dd12013d92/resourceGroups/network-rg/providers/Microsoft.Network/virtualNetworks/network-vnet",
            "location": "canadacentral",
            "name": "network-vnet",
            "resource_group_name": "network-rg",
            "subnet": [],
            "tags": null,
            "timeouts": null
          },
          "sensitive_attributes": [],
          "private": "eyJlMmJmYjczMC1lY2FhLTExZTYtOGY4OC0zNDM2M2JjN2M0YzAiOnsiY3JlYXRlIjoxODAwMDAwMDAwMDAwLCJkZWxldGUiOjE4MDAwMDAwMDAwMDAsInJlYWQiOjMwMDAwMDAwMDAwMCwidXBkYXRlIjoxODAwMDAwMDAwMDAwfX0=",
          "dependencies": [
            "azurerm_resource_group.first-rg"
          ]
        }
      ]
    }
  ],
  "check_results": null
}
