{
  "version": 4,
  "terraform_version": "1.4.6",
  "serial": 97,
  "lineage": "59f596c1-369e-4fda-4b5a-6a402c78acea",
  "outputs": {
    "RESOURCE_GROUP_NAMES": {
      "value": [
        "Network-Resource-Group",
        "Linux-Resource-Group",
        "Windows-Resource-Group"
      ],
      "type": [
        "tuple",
        [
          "string",
          "string",
          "string"
        ]
      ]
    },
    "WINDOW_AVAIL_SET": {
      "value": "windows_avset",
      "type": "string"
    },
    "WINDOW_VM_FQDN": {
      "value": [
        "n01545552-w-vm1.canadacentral.cloudapp.azure.com",
        "n01545552-w-vm2.canadacentral.cloudapp.azure.com"
      ],
      "type": [
        "tuple",
        [
          "string",
          "string"
        ]
      ]
    },
    "WINDOW_VM_NAME": {
      "value": [
        "n01545552-w-vm1",
        "n01545552-w-vm2"
      ],
      "type": [
        "tuple",
        [
          "string",
          "string"
        ]
      ]
    },
    "WINDOW_VM_PRIVATE_IP": {
      "value": [
        "10.0.1.5",
        "10.0.1.4"
      ],
      "type": [
        "tuple",
        [
          "string",
          "string"
        ]
      ]
    },
    "WINDOW_VM_PUBLIC_IP": {
      "value": [
        "20.104.192.156",
        "20.104.192.109"
      ],
      "type": [
        "tuple",
        [
          "string",
          "string"
        ]
      ]
    },
    "first_nsg_name": {
      "value": "network-first_nsg",
      "type": "string"
    },
    "first_subnet_name": {
      "value": "network-subnet1",
      "type": "string"
    },
    "first_subnet_space": {
      "value": "10.0.0.0/24",
      "type": "string"
    },
    "linux_avs_set": {
      "value": "linux_av_set",
      "type": "string"
    },
    "linux_vm_fqdn": {
      "value": [
        [
          "n01545552-u-vm1.canadacentral.cloudapp.azure.com",
          "n01545552-u-vm2.canadacentral.cloudapp.azure.com"
        ]
      ],
      "type": [
        "tuple",
        [
          [
            "tuple",
            [
              "string",
              "string"
            ]
          ]
        ]
      ]
    },
    "linux_vm_name": {
      "value": [
        [
          "n01545552-u-vm1",
          "n01545552-u-vm2"
        ]
      ],
      "type": [
        "tuple",
        [
          [
            "tuple",
            [
              "string",
              "string"
            ]
          ]
        ]
      ]
    },
    "linux_vm_private_ip": {
      "value": [
        [
          "10.0.0.4",
          "10.0.0.5"
        ]
      ],
      "type": [
        "tuple",
        [
          [
            "tuple",
            [
              "string",
              "string"
            ]
          ]
        ]
      ]
    },
    "linux_vm_public_ip": {
      "value": [
        [
          "20.104.192.68",
          "20.151.215.241"
        ]
      ],
      "type": [
        "tuple",
        [
          [
            "tuple",
            [
              "string",
              "string"
            ]
          ]
        ]
      ]
    },
    "second_nsg_name": {
      "value": "network-second_nsg",
      "type": "string"
    },
    "second_subnet_name": {
      "value": "network-subnet2",
      "type": "string"
    },
    "second_subnet_space": {
      "value": "10.0.1.0/24",
      "type": "string"
    },
    "virtual_net_name": {
      "value": "network-vnet",
      "type": "string"
    },
    "virtual_net_space": {
      "value": "10.0.0.0/16",
      "type": "string"
    }
  },
  "resources": [
    {
      "module": "module.linux",
      "mode": "managed",
      "type": "azurerm_availability_set",
      "name": "av_set",
      "provider": "provider[\"registry.terraform.io/hashicorp/azurerm\"]",
      "instances": [
        {
          "schema_version": 0,
          "attributes": {
            "id": "/subscriptions/ef9e729b-8b2c-44ec-b56c-3f9f717c69c1/resourceGroups/Linux-Resource-Group/providers/Microsoft.Compute/availabilitySets/linux_av_set",
            "location": "canadacentral",
            "managed": true,
            "name": "linux_av_set",
            "platform_fault_domain_count": 2,
            "platform_update_domain_count": 5,
            "proximity_placement_group_id": null,
            "resource_group_name": "Linux-Resource-Group",
            "tags": {
              "ContactEmail": "n01545552@humber.ca",
              "Environment": "Lab",
              "Name": "Terraform-Class",
              "Project": "Linux"
            },
            "timeouts": null
          },
          "sensitive_attributes": [],
          "private": "eyJlMmJmYjczMC1lY2FhLTExZTYtOGY4OC0zNDM2M2JjN2M0YzAiOnsiY3JlYXRlIjoxODAwMDAwMDAwMDAwLCJkZWxldGUiOjE4MDAwMDAwMDAwMDAsInJlYWQiOjMwMDAwMDAwMDAwMCwidXBkYXRlIjoxODAwMDAwMDAwMDAwfX0=",
          "dependencies": [
            "module.resource_group.azurerm_resource_group.linux_resource_group"
          ]
        }
      ]
    },
    {
      "module": "module.linux",
      "mode": "managed",
      "type": "azurerm_linux_virtual_machine",
      "name": "linux_vm",
      "provider": "provider[\"registry.terraform.io/hashicorp/azurerm\"]",
      "instances": [
        {
          "index_key": 0,
          "schema_version": 0,
          "attributes": {
            "additional_capabilities": [],
            "admin_password": null,
            "admin_ssh_key": [
              {
                "public_key": "ssh-rsa AAAAB3NzaC1yc2EAAAADAQABAAABgQDkZMXrA/IjTK7MMzV02gVAGrV0AWd02WoUq23Wbb9oTBQdtKOmkdAOAD/3TfxK3SJr6jy50h+t4TPkVTq9JH4diwbFFrUcRd//7XH6MLNZtuNSMgCvH+1pxH/JmMOqrXgr9NVtk3G2AVXUWtQ6S63BzB9vSIhgxQ19SVK8Z8HhKzKtaApj2cC4LJ6prBMSM7fDa0uef6Ea+MawFk4sy6+zBrKPrDx5D/YDEUlDGgBJzLrElonk+6gavl16izcQ0nba2Gd/J8vkgDWj4+JLJf4fFB6Qd8vUZyycG/Rf14k9vxNbgoGYCG7CuUkmbw9ehvrYFwSZNW3MOGd0xwlcpARJZWC4VE7iH/lsXGl9dbGOMswJm0DAAHoNJyYgePHeShqOLGMHCuChde2S9kBh+fJWCQKS/CgchmP2CJseLwRiPt9zJ/fSVhaEdyD1CXP/nxvxA5YDvm1hWFbXVSpYXAuILBQ1BmeVyaqKve3sumUebLmd53hXFUXh1Ll8up3Qnx8= koushindrakumar@kk.local\n",
                "username": "n01545552"
              }
            ],
            "admin_username": "n01545552",
            "allow_extension_operations": true,
            "availability_set_id": "/subscriptions/ef9e729b-8b2c-44ec-b56c-3f9f717c69c1/resourceGroups/Linux-Resource-Group/providers/Microsoft.Compute/availabilitySets/LINUX_AV_SET",
            "boot_diagnostics": [],
            "capacity_reservation_group_id": "",
            "computer_name": "n01545552-u-vm1",
            "custom_data": null,
            "dedicated_host_group_id": "",
            "dedicated_host_id": "",
            "disable_password_authentication": true,
            "edge_zone": "",
            "encryption_at_host_enabled": false,
            "eviction_policy": "",
            "extensions_time_budget": "PT1H30M",
            "gallery_application": [],
            "id": "/subscriptions/ef9e729b-8b2c-44ec-b56c-3f9f717c69c1/resourceGroups/Linux-Resource-Group/providers/Microsoft.Compute/virtualMachines/n01545552-u-vm1",
            "identity": [],
            "license_type": "",
            "location": "canadacentral",
            "max_bid_price": -1,
            "name": "n01545552-u-vm1",
            "network_interface_ids": [
              "/subscriptions/ef9e729b-8b2c-44ec-b56c-3f9f717c69c1/resourceGroups/Linux-Resource-Group/providers/Microsoft.Network/networkInterfaces/n01545552-u-vm-nic-2"
            ],
            "os_disk": [
              {
                "caching": "ReadWrite",
                "diff_disk_settings": [],
                "disk_encryption_set_id": "",
                "disk_size_gb": 32,
                "name": "n01545552-u-vm-os-disk1",
                "secure_vm_disk_encryption_set_id": "",
                "security_encryption_type": "",
                "storage_account_type": "Premium_LRS",
                "write_accelerator_enabled": false
              }
            ],
            "patch_assessment_mode": "ImageDefault",
            "patch_mode": "ImageDefault",
            "plan": [],
            "platform_fault_domain": -1,
            "priority": "Regular",
            "private_ip_address": "10.0.0.4",
            "private_ip_addresses": [
              "10.0.0.4"
            ],
            "provision_vm_agent": true,
            "proximity_placement_group_id": "",
            "public_ip_address": "20.104.192.68",
            "public_ip_addresses": [
              "20.104.192.68"
            ],
            "resource_group_name": "Linux-Resource-Group",
            "secret": [],
            "secure_boot_enabled": false,
            "size": "Standard_B1s",
            "source_image_id": "",
            "source_image_reference": [
              {
                "offer": "UbuntuServer",
                "publisher": "Canonical",
                "sku": "18.04-LTS",
                "version": "latest"
              }
            ],
            "tags": {
              "ContactEmail": "n01545552@humber.ca",
              "Environment": "Lab",
              "Name": "Terraform-Class",
              "Project": "Linux"
            },
            "termination_notification": null,
            "timeouts": null,
            "user_data": "",
            "virtual_machine_id": "e6322f8f-704a-459f-b9d6-8c9b731a6e41",
            "virtual_machine_scale_set_id": "",
            "vtpm_enabled": false,
            "zone": ""
          },
          "sensitive_attributes": [],
          "private": "eyJlMmJmYjczMC1lY2FhLTExZTYtOGY4OC0zNDM2M2JjN2M0YzAiOnsiY3JlYXRlIjoyNzAwMDAwMDAwMDAwLCJkZWxldGUiOjI3MDAwMDAwMDAwMDAsInJlYWQiOjMwMDAwMDAwMDAwMCwidXBkYXRlIjoyNzAwMDAwMDAwMDAwfX0=",
          "dependencies": [
            "module.linux.azurerm_availability_set.av_set",
            "module.linux.azurerm_network_interface.net_interface",
            "module.linux.azurerm_public_ip.public_ip",
            "module.network.azurerm_subnet.first_subnet",
            "module.network.azurerm_virtual_network.virtual_net",
            "module.resource_group.azurerm_resource_group.linux_resource_group",
            "module.resource_group.azurerm_resource_group.network_resource_group"
          ]
        },
        {
          "index_key": 1,
          "schema_version": 0,
          "attributes": {
            "additional_capabilities": [],
            "admin_password": null,
            "admin_ssh_key": [
              {
                "public_key": "ssh-rsa AAAAB3NzaC1yc2EAAAADAQABAAABgQDkZMXrA/IjTK7MMzV02gVAGrV0AWd02WoUq23Wbb9oTBQdtKOmkdAOAD/3TfxK3SJr6jy50h+t4TPkVTq9JH4diwbFFrUcRd//7XH6MLNZtuNSMgCvH+1pxH/JmMOqrXgr9NVtk3G2AVXUWtQ6S63BzB9vSIhgxQ19SVK8Z8HhKzKtaApj2cC4LJ6prBMSM7fDa0uef6Ea+MawFk4sy6+zBrKPrDx5D/YDEUlDGgBJzLrElonk+6gavl16izcQ0nba2Gd/J8vkgDWj4+JLJf4fFB6Qd8vUZyycG/Rf14k9vxNbgoGYCG7CuUkmbw9ehvrYFwSZNW3MOGd0xwlcpARJZWC4VE7iH/lsXGl9dbGOMswJm0DAAHoNJyYgePHeShqOLGMHCuChde2S9kBh+fJWCQKS/CgchmP2CJseLwRiPt9zJ/fSVhaEdyD1CXP/nxvxA5YDvm1hWFbXVSpYXAuILBQ1BmeVyaqKve3sumUebLmd53hXFUXh1Ll8up3Qnx8= koushindrakumar@kk.local\n",
                "username": "n01545552"
              }
            ],
            "admin_username": "n01545552",
            "allow_extension_operations": true,
            "availability_set_id": "/subscriptions/ef9e729b-8b2c-44ec-b56c-3f9f717c69c1/resourceGroups/Linux-Resource-Group/providers/Microsoft.Compute/availabilitySets/LINUX_AV_SET",
            "boot_diagnostics": [],
            "capacity_reservation_group_id": "",
            "computer_name": "n01545552-u-vm2",
            "custom_data": null,
            "dedicated_host_group_id": "",
            "dedicated_host_id": "",
            "disable_password_authentication": true,
            "edge_zone": "",
            "encryption_at_host_enabled": false,
            "eviction_policy": "",
            "extensions_time_budget": "PT1H30M",
            "gallery_application": [],
            "id": "/subscriptions/ef9e729b-8b2c-44ec-b56c-3f9f717c69c1/resourceGroups/Linux-Resource-Group/providers/Microsoft.Compute/virtualMachines/n01545552-u-vm2",
            "identity": [],
            "license_type": "",
            "location": "canadacentral",
            "max_bid_price": -1,
            "name": "n01545552-u-vm2",
            "network_interface_ids": [
              "/subscriptions/ef9e729b-8b2c-44ec-b56c-3f9f717c69c1/resourceGroups/Linux-Resource-Group/providers/Microsoft.Network/networkInterfaces/n01545552-u-vm-nic-1"
            ],
            "os_disk": [
              {
                "caching": "ReadWrite",
                "diff_disk_settings": [],
                "disk_encryption_set_id": "",
                "disk_size_gb": 32,
                "name": "n01545552-u-vm-os-disk2",
                "secure_vm_disk_encryption_set_id": "",
                "security_encryption_type": "",
                "storage_account_type": "Premium_LRS",
                "write_accelerator_enabled": false
              }
            ],
            "patch_assessment_mode": "ImageDefault",
            "patch_mode": "ImageDefault",
            "plan": [],
            "platform_fault_domain": -1,
            "priority": "Regular",
            "private_ip_address": "10.0.0.5",
            "private_ip_addresses": [
              "10.0.0.5"
            ],
            "provision_vm_agent": true,
            "proximity_placement_group_id": "",
            "public_ip_address": "20.151.215.241",
            "public_ip_addresses": [
              "20.151.215.241"
            ],
            "resource_group_name": "Linux-Resource-Group",
            "secret": [],
            "secure_boot_enabled": false,
            "size": "Standard_B1s",
            "source_image_id": "",
            "source_image_reference": [
              {
                "offer": "UbuntuServer",
                "publisher": "Canonical",
                "sku": "18.04-LTS",
                "version": "latest"
              }
            ],
            "tags": {
              "ContactEmail": "n01545552@humber.ca",
              "Environment": "Lab",
              "Name": "Terraform-Class",
              "Project": "Linux"
            },
            "termination_notification": null,
            "timeouts": null,
            "user_data": "",
            "virtual_machine_id": "ef03aaec-9428-4ad0-a951-334fdac0f608",
            "virtual_machine_scale_set_id": "",
            "vtpm_enabled": false,
            "zone": ""
          },
          "sensitive_attributes": [],
          "private": "eyJlMmJmYjczMC1lY2FhLTExZTYtOGY4OC0zNDM2M2JjN2M0YzAiOnsiY3JlYXRlIjoyNzAwMDAwMDAwMDAwLCJkZWxldGUiOjI3MDAwMDAwMDAwMDAsInJlYWQiOjMwMDAwMDAwMDAwMCwidXBkYXRlIjoyNzAwMDAwMDAwMDAwfX0=",
          "dependencies": [
            "module.linux.azurerm_availability_set.av_set",
            "module.linux.azurerm_network_interface.net_interface",
            "module.linux.azurerm_public_ip.public_ip",
            "module.network.azurerm_subnet.first_subnet",
            "module.network.azurerm_virtual_network.virtual_net",
            "module.resource_group.azurerm_resource_group.linux_resource_group",
            "module.resource_group.azurerm_resource_group.network_resource_group"
          ]
        }
      ]
    },
    {
      "module": "module.linux",
      "mode": "managed",
      "type": "azurerm_network_interface",
      "name": "net_interface",
      "provider": "provider[\"registry.terraform.io/hashicorp/azurerm\"]",
      "instances": [
        {
          "index_key": 0,
          "schema_version": 0,
          "attributes": {
            "applied_dns_servers": [],
            "dns_servers": [],
            "edge_zone": "",
            "enable_accelerated_networking": false,
            "enable_ip_forwarding": false,
            "id": "/subscriptions/ef9e729b-8b2c-44ec-b56c-3f9f717c69c1/resourceGroups/Linux-Resource-Group/providers/Microsoft.Network/networkInterfaces/n01545552-u-vm-nic-1",
            "internal_dns_name_label": "",
            "internal_domain_name_suffix": "r13qaw4gnrkercnq2gqanmmmyd.ux.internal.cloudapp.net",
            "ip_configuration": [
              {
                "gateway_load_balancer_frontend_ip_configuration_id": "",
                "name": "n01545552-u-vm-ipconfig-1",
                "primary": true,
                "private_ip_address": "10.0.0.5",
                "private_ip_address_allocation": "Dynamic",
                "private_ip_address_version": "IPv4",
                "public_ip_address_id": "/subscriptions/ef9e729b-8b2c-44ec-b56c-3f9f717c69c1/resourceGroups/Linux-Resource-Group/providers/Microsoft.Network/publicIPAddresses/n01545552-u-vm-pip-2",
                "subnet_id": "/subscriptions/ef9e729b-8b2c-44ec-b56c-3f9f717c69c1/resourceGroups/Network-Resource-Group/providers/Microsoft.Network/virtualNetworks/network-vnet/subnets/network-subnet1"
              }
            ],
            "location": "canadacentral",
            "mac_address": "",
            "name": "n01545552-u-vm-nic-1",
            "private_ip_address": "10.0.0.5",
            "private_ip_addresses": [
              "10.0.0.5"
            ],
            "resource_group_name": "Linux-Resource-Group",
            "tags": {
              "ContactEmail": "n01545552@humber.ca",
              "Environment": "Lab",
              "Name": "Terraform-Class",
              "Project": "Linux"
            },
            "timeouts": null,
            "virtual_machine_id": ""
          },
          "sensitive_attributes": [],
          "private": "eyJlMmJmYjczMC1lY2FhLTExZTYtOGY4OC0zNDM2M2JjN2M0YzAiOnsiY3JlYXRlIjoxODAwMDAwMDAwMDAwLCJkZWxldGUiOjE4MDAwMDAwMDAwMDAsInJlYWQiOjMwMDAwMDAwMDAwMCwidXBkYXRlIjoxODAwMDAwMDAwMDAwfX0=",
          "dependencies": [
            "module.linux.azurerm_public_ip.public_ip",
            "module.network.azurerm_subnet.first_subnet",
            "module.network.azurerm_virtual_network.virtual_net",
            "module.resource_group.azurerm_resource_group.linux_resource_group",
            "module.resource_group.azurerm_resource_group.network_resource_group"
          ]
        },
        {
          "index_key": 1,
          "schema_version": 0,
          "attributes": {
            "applied_dns_servers": [],
            "dns_servers": [],
            "edge_zone": "",
            "enable_accelerated_networking": false,
            "enable_ip_forwarding": false,
            "id": "/subscriptions/ef9e729b-8b2c-44ec-b56c-3f9f717c69c1/resourceGroups/Linux-Resource-Group/providers/Microsoft.Network/networkInterfaces/n01545552-u-vm-nic-2",
            "internal_dns_name_label": "",
            "internal_domain_name_suffix": "r13qaw4gnrkercnq2gqanmmmyd.ux.internal.cloudapp.net",
            "ip_configuration": [
              {
                "gateway_load_balancer_frontend_ip_configuration_id": "",
                "name": "n01545552-u-vm-ipconfig-2",
                "primary": true,
                "private_ip_address": "10.0.0.4",
                "private_ip_address_allocation": "Dynamic",
                "private_ip_address_version": "IPv4",
                "public_ip_address_id": "/subscriptions/ef9e729b-8b2c-44ec-b56c-3f9f717c69c1/resourceGroups/Linux-Resource-Group/providers/Microsoft.Network/publicIPAddresses/n01545552-u-vm-pip-1",
                "subnet_id": "/subscriptions/ef9e729b-8b2c-44ec-b56c-3f9f717c69c1/resourceGroups/Network-Resource-Group/providers/Microsoft.Network/virtualNetworks/network-vnet/subnets/network-subnet1"
              }
            ],
            "location": "canadacentral",
            "mac_address": "",
            "name": "n01545552-u-vm-nic-2",
            "private_ip_address": "10.0.0.4",
            "private_ip_addresses": [
              "10.0.0.4"
            ],
            "resource_group_name": "Linux-Resource-Group",
            "tags": {
              "ContactEmail": "n01545552@humber.ca",
              "Environment": "Lab",
              "Name": "Terraform-Class",
              "Project": "Linux"
            },
            "timeouts": null,
            "virtual_machine_id": ""
          },
          "sensitive_attributes": [],
          "private": "eyJlMmJmYjczMC1lY2FhLTExZTYtOGY4OC0zNDM2M2JjN2M0YzAiOnsiY3JlYXRlIjoxODAwMDAwMDAwMDAwLCJkZWxldGUiOjE4MDAwMDAwMDAwMDAsInJlYWQiOjMwMDAwMDAwMDAwMCwidXBkYXRlIjoxODAwMDAwMDAwMDAwfX0=",
          "dependencies": [
            "module.linux.azurerm_public_ip.public_ip",
            "module.network.azurerm_subnet.first_subnet",
            "module.network.azurerm_virtual_network.virtual_net",
            "module.resource_group.azurerm_resource_group.linux_resource_group",
            "module.resource_group.azurerm_resource_group.network_resource_group"
          ]
        }
      ]
    },
    {
      "module": "module.linux",
      "mode": "managed",
      "type": "azurerm_public_ip",
      "name": "public_ip",
      "provider": "provider[\"registry.terraform.io/hashicorp/azurerm\"]",
      "instances": [
        {
          "index_key": 0,
          "schema_version": 0,
          "attributes": {
            "allocation_method": "Dynamic",
            "ddos_protection_mode": "VirtualNetworkInherited",
            "ddos_protection_plan_id": null,
            "domain_name_label": "n01545552-u-vm1",
            "edge_zone": "",
            "fqdn": "n01545552-u-vm1.canadacentral.cloudapp.azure.com",
            "id": "/subscriptions/ef9e729b-8b2c-44ec-b56c-3f9f717c69c1/resourceGroups/Linux-Resource-Group/providers/Microsoft.Network/publicIPAddresses/n01545552-u-vm-pip-1",
            "idle_timeout_in_minutes": 4,
            "ip_address": "",
            "ip_tags": null,
            "ip_version": "IPv4",
            "location": "canadacentral",
            "name": "n01545552-u-vm-pip-1",
            "public_ip_prefix_id": null,
            "resource_group_name": "Linux-Resource-Group",
            "reverse_fqdn": "",
            "sku": "Basic",
            "sku_tier": "Regional",
            "tags": {
              "ContactEmail": "n01545552@humber.ca",
              "Environment": "Lab",
              "Name": "Terraform-Class",
              "Project": "Linux"
            },
            "timeouts": null,
            "zones": null
          },
          "sensitive_attributes": [],
          "private": "eyJlMmJmYjczMC1lY2FhLTExZTYtOGY4OC0zNDM2M2JjN2M0YzAiOnsiY3JlYXRlIjoxODAwMDAwMDAwMDAwLCJkZWxldGUiOjE4MDAwMDAwMDAwMDAsInJlYWQiOjMwMDAwMDAwMDAwMCwidXBkYXRlIjoxODAwMDAwMDAwMDAwfX0=",
          "dependencies": [
            "module.resource_group.azurerm_resource_group.linux_resource_group"
          ]
        },
        {
          "index_key": 1,
          "schema_version": 0,
          "attributes": {
            "allocation_method": "Dynamic",
            "ddos_protection_mode": "VirtualNetworkInherited",
            "ddos_protection_plan_id": null,
            "domain_name_label": "n01545552-u-vm2",
            "edge_zone": "",
            "fqdn": "n01545552-u-vm2.canadacentral.cloudapp.azure.com",
            "id": "/subscriptions/ef9e729b-8b2c-44ec-b56c-3f9f717c69c1/resourceGroups/Linux-Resource-Group/providers/Microsoft.Network/publicIPAddresses/n01545552-u-vm-pip-2",
            "idle_timeout_in_minutes": 4,
            "ip_address": "",
            "ip_tags": null,
            "ip_version": "IPv4",
            "location": "canadacentral",
            "name": "n01545552-u-vm-pip-2",
            "public_ip_prefix_id": null,
            "resource_group_name": "Linux-Resource-Group",
            "reverse_fqdn": "",
            "sku": "Basic",
            "sku_tier": "Regional",
            "tags": {
              "ContactEmail": "n01545552@humber.ca",
              "Environment": "Lab",
              "Name": "Terraform-Class",
              "Project": "Linux"
            },
            "timeouts": null,
            "zones": null
          },
          "sensitive_attributes": [],
          "private": "eyJlMmJmYjczMC1lY2FhLTExZTYtOGY4OC0zNDM2M2JjN2M0YzAiOnsiY3JlYXRlIjoxODAwMDAwMDAwMDAwLCJkZWxldGUiOjE4MDAwMDAwMDAwMDAsInJlYWQiOjMwMDAwMDAwMDAwMCwidXBkYXRlIjoxODAwMDAwMDAwMDAwfX0=",
          "dependencies": [
            "module.resource_group.azurerm_resource_group.linux_resource_group"
          ]
        }
      ]
    },
    {
      "module": "module.linux",
      "mode": "managed",
      "type": "null_resource",
      "name": "linux_provisioner",
      "provider": "provider[\"registry.terraform.io/hashicorp/null\"]",
      "instances": [
        {
          "index_key": 0,
          "schema_version": 0,
          "attributes": {
            "id": "8688770140312267568",
            "triggers": null
          },
          "sensitive_attributes": [],
          "dependencies": [
            "module.linux.azurerm_availability_set.av_set",
            "module.linux.azurerm_linux_virtual_machine.linux_vm",
            "module.linux.azurerm_network_interface.net_interface",
            "module.linux.azurerm_public_ip.public_ip",
            "module.network.azurerm_subnet.first_subnet",
            "module.network.azurerm_virtual_network.virtual_net",
            "module.resource_group.azurerm_resource_group.linux_resource_group",
            "module.resource_group.azurerm_resource_group.network_resource_group"
          ]
        },
        {
          "index_key": 1,
          "schema_version": 0,
          "attributes": {
            "id": "1428565209223443538",
            "triggers": null
          },
          "sensitive_attributes": [],
          "dependencies": [
            "module.linux.azurerm_availability_set.av_set",
            "module.linux.azurerm_linux_virtual_machine.linux_vm",
            "module.linux.azurerm_network_interface.net_interface",
            "module.linux.azurerm_public_ip.public_ip",
            "module.network.azurerm_subnet.first_subnet",
            "module.network.azurerm_virtual_network.virtual_net",
            "module.resource_group.azurerm_resource_group.linux_resource_group",
            "module.resource_group.azurerm_resource_group.network_resource_group"
          ]
        }
      ]
    },
    {
      "module": "module.network",
      "mode": "managed",
      "type": "azurerm_network_security_group",
      "name": "first_nsg",
      "provider": "provider[\"registry.terraform.io/hashicorp/azurerm\"]",
      "instances": [
        {
          "schema_version": 0,
          "attributes": {
            "id": "/subscriptions/ef9e729b-8b2c-44ec-b56c-3f9f717c69c1/resourceGroups/Network-Resource-Group/providers/Microsoft.Network/networkSecurityGroups/network-first_nsg",
            "location": "canadacentral",
            "name": "network-first_nsg",
            "resource_group_name": "Network-Resource-Group",
            "security_rule": [
              {
                "access": "Allow",
                "description": "",
                "destination_address_prefix": "*",
                "destination_address_prefixes": [],
                "destination_application_security_group_ids": [],
                "destination_port_range": "22",
                "destination_port_ranges": [],
                "direction": "Inbound",
                "name": "rule1",
                "priority": 100,
                "protocol": "Tcp",
                "source_address_prefix": "*",
                "source_address_prefixes": [],
                "source_application_security_group_ids": [],
                "source_port_range": "*",
                "source_port_ranges": []
              }
            ],
            "tags": null,
            "timeouts": null
          },
          "sensitive_attributes": [],
          "private": "eyJlMmJmYjczMC1lY2FhLTExZTYtOGY4OC0zNDM2M2JjN2M0YzAiOnsiY3JlYXRlIjoxODAwMDAwMDAwMDAwLCJkZWxldGUiOjE4MDAwMDAwMDAwMDAsInJlYWQiOjMwMDAwMDAwMDAwMCwidXBkYXRlIjoxODAwMDAwMDAwMDAwfX0=",
          "dependencies": [
            "module.network.azurerm_virtual_network.virtual_net",
            "module.resource_group.azurerm_resource_group.network_resource_group"
          ]
        }
      ]
    },
    {
      "module": "module.network",
      "mode": "managed",
      "type": "azurerm_network_security_group",
      "name": "second_nsg",
      "provider": "provider[\"registry.terraform.io/hashicorp/azurerm\"]",
      "instances": [
        {
          "schema_version": 0,
          "attributes": {
            "id": "/subscriptions/ef9e729b-8b2c-44ec-b56c-3f9f717c69c1/resourceGroups/Network-Resource-Group/providers/Microsoft.Network/networkSecurityGroups/network-second_nsg",
            "location": "canadacentral",
            "name": "network-second_nsg",
            "resource_group_name": "Network-Resource-Group",
            "security_rule": [
              {
                "access": "Allow",
                "description": "",
                "destination_address_prefix": "*",
                "destination_address_prefixes": [],
                "destination_application_security_group_ids": [],
                "destination_port_range": "3389",
                "destination_port_ranges": [],
                "direction": "Inbound",
                "name": "rule1",
                "priority": 100,
                "protocol": "Tcp",
                "source_address_prefix": "*",
                "source_address_prefixes": [],
                "source_application_security_group_ids": [],
                "source_port_range": "*",
                "source_port_ranges": []
              },
              {
                "access": "Allow",
                "description": "",
                "destination_address_prefix": "*",
                "destination_address_prefixes": [],
                "destination_application_security_group_ids": [],
                "destination_port_range": "5985",
                "destination_port_ranges": [],
                "direction": "Inbound",
                "name": "rule2",
                "priority": 200,
                "protocol": "Tcp",
                "source_address_prefix": "*",
                "source_address_prefixes": [],
                "source_application_security_group_ids": [],
                "source_port_range": "*",
                "source_port_ranges": []
              }
            ],
            "tags": null,
            "timeouts": null
          },
          "sensitive_attributes": [],
          "private": "eyJlMmJmYjczMC1lY2FhLTExZTYtOGY4OC0zNDM2M2JjN2M0YzAiOnsiY3JlYXRlIjoxODAwMDAwMDAwMDAwLCJkZWxldGUiOjE4MDAwMDAwMDAwMDAsInJlYWQiOjMwMDAwMDAwMDAwMCwidXBkYXRlIjoxODAwMDAwMDAwMDAwfX0=",
          "dependencies": [
            "module.network.azurerm_virtual_network.virtual_net",
            "module.resource_group.azurerm_resource_group.network_resource_group"
          ]
        }
      ]
    },
    {
      "module": "module.network",
      "mode": "managed",
      "type": "azurerm_subnet",
      "name": "first_subnet",
      "provider": "provider[\"registry.terraform.io/hashicorp/azurerm\"]",
      "instances": [
        {
          "schema_version": 0,
          "attributes": {
            "address_prefixes": [
              "10.0.0.0/24"
            ],
            "delegation": [],
            "enforce_private_link_endpoint_network_policies": false,
            "enforce_private_link_service_network_policies": false,
            "id": "/subscriptions/ef9e729b-8b2c-44ec-b56c-3f9f717c69c1/resourceGroups/Network-Resource-Group/providers/Microsoft.Network/virtualNetworks/network-vnet/subnets/network-subnet1",
            "name": "network-subnet1",
            "private_endpoint_network_policies_enabled": true,
            "private_link_service_network_policies_enabled": true,
            "resource_group_name": "Network-Resource-Group",
            "service_endpoint_policy_ids": null,
            "service_endpoints": null,
            "timeouts": null,
            "virtual_network_name": "network-vnet"
          },
          "sensitive_attributes": [],
          "private": "eyJlMmJmYjczMC1lY2FhLTExZTYtOGY4OC0zNDM2M2JjN2M0YzAiOnsiY3JlYXRlIjoxODAwMDAwMDAwMDAwLCJkZWxldGUiOjE4MDAwMDAwMDAwMDAsInJlYWQiOjMwMDAwMDAwMDAwMCwidXBkYXRlIjoxODAwMDAwMDAwMDAwfX0=",
          "dependencies": [
            "module.network.azurerm_virtual_network.virtual_net",
            "module.resource_group.azurerm_resource_group.network_resource_group"
          ]
        }
      ]
    },
    {
      "module": "module.network",
      "mode": "managed",
      "type": "azurerm_subnet",
      "name": "second_subnet",
      "provider": "provider[\"registry.terraform.io/hashicorp/azurerm\"]",
      "instances": [
        {
          "schema_version": 0,
          "attributes": {
            "address_prefixes": [
              "10.0.1.0/24"
            ],
            "delegation": [],
            "enforce_private_link_endpoint_network_policies": false,
            "enforce_private_link_service_network_policies": false,
            "id": "/subscriptions/ef9e729b-8b2c-44ec-b56c-3f9f717c69c1/resourceGroups/Network-Resource-Group/providers/Microsoft.Network/virtualNetworks/network-vnet/subnets/network-subnet2",
            "name": "network-subnet2",
            "private_endpoint_network_policies_enabled": true,
            "private_link_service_network_policies_enabled": true,
            "resource_group_name": "Network-Resource-Group",
            "service_endpoint_policy_ids": null,
            "service_endpoints": null,
            "timeouts": null,
            "virtual_network_name": "network-vnet"
          },
          "sensitive_attributes": [],
          "private": "eyJlMmJmYjczMC1lY2FhLTExZTYtOGY4OC0zNDM2M2JjN2M0YzAiOnsiY3JlYXRlIjoxODAwMDAwMDAwMDAwLCJkZWxldGUiOjE4MDAwMDAwMDAwMDAsInJlYWQiOjMwMDAwMDAwMDAwMCwidXBkYXRlIjoxODAwMDAwMDAwMDAwfX0=",
          "dependencies": [
            "module.network.azurerm_virtual_network.virtual_net",
            "module.resource_group.azurerm_resource_group.network_resource_group"
          ]
        }
      ]
    },
    {
      "module": "module.network",
      "mode": "managed",
      "type": "azurerm_subnet_network_security_group_association",
      "name": "subnet_nsg_mapping1",
      "provider": "provider[\"registry.terraform.io/hashicorp/azurerm\"]",
      "instances": [
        {
          "schema_version": 0,
          "attributes": {
            "id": "/subscriptions/ef9e729b-8b2c-44ec-b56c-3f9f717c69c1/resourceGroups/Network-Resource-Group/providers/Microsoft.Network/virtualNetworks/network-vnet/subnets/network-subnet1",
            "network_security_group_id": "/subscriptions/ef9e729b-8b2c-44ec-b56c-3f9f717c69c1/resourceGroups/Network-Resource-Group/providers/Microsoft.Network/networkSecurityGroups/network-first_nsg",
            "subnet_id": "/subscriptions/ef9e729b-8b2c-44ec-b56c-3f9f717c69c1/resourceGroups/Network-Resource-Group/providers/Microsoft.Network/virtualNetworks/network-vnet/subnets/network-subnet1",
            "timeouts": null
          },
          "sensitive_attributes": [],
          "private": "eyJlMmJmYjczMC1lY2FhLTExZTYtOGY4OC0zNDM2M2JjN2M0YzAiOnsiY3JlYXRlIjoxODAwMDAwMDAwMDAwLCJkZWxldGUiOjE4MDAwMDAwMDAwMDAsInJlYWQiOjMwMDAwMDAwMDAwMCwidXBkYXRlIjoxODAwMDAwMDAwMDAwfX0=",
          "dependencies": [
            "module.network.azurerm_network_security_group.first_nsg",
            "module.network.azurerm_subnet.first_subnet",
            "module.network.azurerm_virtual_network.virtual_net",
            "module.resource_group.azurerm_resource_group.network_resource_group"
          ]
        }
      ]
    },
    {
      "module": "module.network",
      "mode": "managed",
      "type": "azurerm_subnet_network_security_group_association",
      "name": "subnet_nsg_mapping2",
      "provider": "provider[\"registry.terraform.io/hashicorp/azurerm\"]",
      "instances": [
        {
          "schema_version": 0,
          "attributes": {
            "id": "/subscriptions/ef9e729b-8b2c-44ec-b56c-3f9f717c69c1/resourceGroups/Network-Resource-Group/providers/Microsoft.Network/virtualNetworks/network-vnet/subnets/network-subnet2",
            "network_security_group_id": "/subscriptions/ef9e729b-8b2c-44ec-b56c-3f9f717c69c1/resourceGroups/Network-Resource-Group/providers/Microsoft.Network/networkSecurityGroups/network-second_nsg",
            "subnet_id": "/subscriptions/ef9e729b-8b2c-44ec-b56c-3f9f717c69c1/resourceGroups/Network-Resource-Group/providers/Microsoft.Network/virtualNetworks/network-vnet/subnets/network-subnet2",
            "timeouts": null
          },
          "sensitive_attributes": [],
          "private": "eyJlMmJmYjczMC1lY2FhLTExZTYtOGY4OC0zNDM2M2JjN2M0YzAiOnsiY3JlYXRlIjoxODAwMDAwMDAwMDAwLCJkZWxldGUiOjE4MDAwMDAwMDAwMDAsInJlYWQiOjMwMDAwMDAwMDAwMCwidXBkYXRlIjoxODAwMDAwMDAwMDAwfX0=",
          "dependencies": [
            "module.network.azurerm_network_security_group.second_nsg",
            "module.network.azurerm_subnet.second_subnet",
            "module.network.azurerm_virtual_network.virtual_net",
            "module.resource_group.azurerm_resource_group.network_resource_group"
          ]
        }
      ]
    },
    {
      "module": "module.network",
      "mode": "managed",
      "type": "azurerm_virtual_network",
      "name": "virtual_net",
      "provider": "provider[\"registry.terraform.io/hashicorp/azurerm\"]",
      "instances": [
        {
          "schema_version": 0,
          "attributes": {
            "address_space": [
              "10.0.0.0/16"
            ],
            "bgp_community": "",
            "ddos_protection_plan": [],
            "dns_servers": [],
            "edge_zone": "",
            "flow_timeout_in_minutes": 0,
            "guid": "5b00fb8e-6cc6-4854-89b0-e1a006b18cc3",
            "id": "/subscriptions/ef9e729b-8b2c-44ec-b56c-3f9f717c69c1/resourceGroups/Network-Resource-Group/providers/Microsoft.Network/virtualNetworks/network-vnet",
            "location": "canadacentral",
            "name": "network-vnet",
            "resource_group_name": "Network-Resource-Group",
            "subnet": [],
            "tags": null,
            "timeouts": null
          },
          "sensitive_attributes": [],
          "private": "eyJlMmJmYjczMC1lY2FhLTExZTYtOGY4OC0zNDM2M2JjN2M0YzAiOnsiY3JlYXRlIjoxODAwMDAwMDAwMDAwLCJkZWxldGUiOjE4MDAwMDAwMDAwMDAsInJlYWQiOjMwMDAwMDAwMDAwMCwidXBkYXRlIjoxODAwMDAwMDAwMDAwfX0=",
          "dependencies": [
            "module.resource_group.azurerm_resource_group.network_resource_group"
          ]
        }
      ]
    },
    {
      "module": "module.resource_group",
      "mode": "managed",
      "type": "azurerm_resource_group",
      "name": "linux_resource_group",
      "provider": "provider[\"registry.terraform.io/hashicorp/azurerm\"]",
      "instances": [
        {
          "schema_version": 0,
          "attributes": {
            "id": "/subscriptions/ef9e729b-8b2c-44ec-b56c-3f9f717c69c1/resourceGroups/Linux-Resource-Group",
            "location": "canadacentral",
            "managed_by": "",
            "name": "Linux-Resource-Group",
            "tags": null,
            "timeouts": null
          },
          "sensitive_attributes": [],
          "private": "eyJlMmJmYjczMC1lY2FhLTExZTYtOGY4OC0zNDM2M2JjN2M0YzAiOnsiY3JlYXRlIjo1NDAwMDAwMDAwMDAwLCJkZWxldGUiOjU0MDAwMDAwMDAwMDAsInJlYWQiOjMwMDAwMDAwMDAwMCwidXBkYXRlIjo1NDAwMDAwMDAwMDAwfX0="
        }
      ]
    },
    {
      "module": "module.resource_group",
      "mode": "managed",
      "type": "azurerm_resource_group",
      "name": "network_resource_group",
      "provider": "provider[\"registry.terraform.io/hashicorp/azurerm\"]",
      "instances": [
        {
          "schema_version": 0,
          "attributes": {
            "id": "/subscriptions/ef9e729b-8b2c-44ec-b56c-3f9f717c69c1/resourceGroups/Network-Resource-Group",
            "location": "canadacentral",
            "managed_by": "",
            "name": "Network-Resource-Group",
            "tags": null,
            "timeouts": null
          },
          "sensitive_attributes": [],
          "private": "eyJlMmJmYjczMC1lY2FhLTExZTYtOGY4OC0zNDM2M2JjN2M0YzAiOnsiY3JlYXRlIjo1NDAwMDAwMDAwMDAwLCJkZWxldGUiOjU0MDAwMDAwMDAwMDAsInJlYWQiOjMwMDAwMDAwMDAwMCwidXBkYXRlIjo1NDAwMDAwMDAwMDAwfX0="
        }
      ]
    },
    {
      "module": "module.resource_group",
      "mode": "managed",
      "type": "azurerm_resource_group",
      "name": "windows_resource_group",
      "provider": "provider[\"registry.terraform.io/hashicorp/azurerm\"]",
      "instances": [
        {
          "schema_version": 0,
          "attributes": {
            "id": "/subscriptions/ef9e729b-8b2c-44ec-b56c-3f9f717c69c1/resourceGroups/Windows-Resource-Group",
            "location": "canadacentral",
            "managed_by": "",
            "name": "Windows-Resource-Group",
            "tags": null,
            "timeouts": null
          },
          "sensitive_attributes": [],
          "private": "eyJlMmJmYjczMC1lY2FhLTExZTYtOGY4OC0zNDM2M2JjN2M0YzAiOnsiY3JlYXRlIjo1NDAwMDAwMDAwMDAwLCJkZWxldGUiOjU0MDAwMDAwMDAwMDAsInJlYWQiOjMwMDAwMDAwMDAwMCwidXBkYXRlIjo1NDAwMDAwMDAwMDAwfX0="
        }
      ]
    },
    {
      "module": "module.windows",
      "mode": "managed",
      "type": "azurerm_availability_set",
      "name": "window_availablity_set",
      "provider": "provider[\"registry.terraform.io/hashicorp/azurerm\"]",
      "instances": [
        {
          "schema_version": 0,
          "attributes": {
            "id": "/subscriptions/ef9e729b-8b2c-44ec-b56c-3f9f717c69c1/resourceGroups/Windows-Resource-Group/providers/Microsoft.Compute/availabilitySets/windows_avset",
            "location": "canadacentral",
            "managed": true,
            "name": "windows_avset",
            "platform_fault_domain_count": 2,
            "platform_update_domain_count": 5,
            "proximity_placement_group_id": null,
            "resource_group_name": "Windows-Resource-Group",
            "tags": {
              "ContactEmail": "n01545552@humber.ca",
              "Environment": "Lab",
              "Name": "Terraform_Windows",
              "Project": "Windows"
            },
            "timeouts": null
          },
          "sensitive_attributes": [],
          "private": "eyJlMmJmYjczMC1lY2FhLTExZTYtOGY4OC0zNDM2M2JjN2M0YzAiOnsiY3JlYXRlIjoxODAwMDAwMDAwMDAwLCJkZWxldGUiOjE4MDAwMDAwMDAwMDAsInJlYWQiOjMwMDAwMDAwMDAwMCwidXBkYXRlIjoxODAwMDAwMDAwMDAwfX0=",
          "dependencies": [
            "module.resource_group.azurerm_resource_group.windows_resource_group"
          ]
        }
      ]
    },
    {
      "module": "module.windows",
      "mode": "managed",
      "type": "azurerm_network_interface",
      "name": "window_net_interface",
      "provider": "provider[\"registry.terraform.io/hashicorp/azurerm\"]",
      "instances": [
        {
          "index_key": "n01545552-w-vm1",
          "schema_version": 0,
          "attributes": {
            "applied_dns_servers": [],
            "dns_servers": [],
            "edge_zone": "",
            "enable_accelerated_networking": false,
            "enable_ip_forwarding": false,
            "id": "/subscriptions/ef9e729b-8b2c-44ec-b56c-3f9f717c69c1/resourceGroups/Windows-Resource-Group/providers/Microsoft.Network/networkInterfaces/n01545552-w-vm1-nic",
            "internal_dns_name_label": "",
            "internal_domain_name_suffix": "r13qaw4gnrkercnq2gqanmmmyd.ux.internal.cloudapp.net",
            "ip_configuration": [
              {
                "gateway_load_balancer_frontend_ip_configuration_id": "",
                "name": "n01545552-w-vm1-ipconfig",
                "primary": true,
                "private_ip_address": "10.0.1.5",
                "private_ip_address_allocation": "Dynamic",
                "private_ip_address_version": "IPv4",
                "public_ip_address_id": "/subscriptions/ef9e729b-8b2c-44ec-b56c-3f9f717c69c1/resourceGroups/Windows-Resource-Group/providers/Microsoft.Network/publicIPAddresses/n01545552-w-vm1-pip",
                "subnet_id": "/subscriptions/ef9e729b-8b2c-44ec-b56c-3f9f717c69c1/resourceGroups/Network-Resource-Group/providers/Microsoft.Network/virtualNetworks/network-vnet/subnets/network-subnet2"
              }
            ],
            "location": "canadacentral",
            "mac_address": "",
            "name": "n01545552-w-vm1-nic",
            "private_ip_address": "10.0.1.5",
            "private_ip_addresses": [
              "10.0.1.5"
            ],
            "resource_group_name": "Windows-Resource-Group",
            "tags": {
              "ContactEmail": "n01545552@humber.ca",
              "Environment": "Lab",
              "Name": "Terraform_Windows",
              "Project": "Windows"
            },
            "timeouts": null,
            "virtual_machine_id": ""
          },
          "sensitive_attributes": [],
          "private": "eyJlMmJmYjczMC1lY2FhLTExZTYtOGY4OC0zNDM2M2JjN2M0YzAiOnsiY3JlYXRlIjoxODAwMDAwMDAwMDAwLCJkZWxldGUiOjE4MDAwMDAwMDAwMDAsInJlYWQiOjMwMDAwMDAwMDAwMCwidXBkYXRlIjoxODAwMDAwMDAwMDAwfX0=",
          "dependencies": [
            "module.network.azurerm_subnet.second_subnet",
            "module.network.azurerm_virtual_network.virtual_net",
            "module.resource_group.azurerm_resource_group.network_resource_group",
            "module.resource_group.azurerm_resource_group.windows_resource_group",
            "module.windows.azurerm_public_ip.window_public_ip"
          ]
        },
        {
          "index_key": "n01545552-w-vm2",
          "schema_version": 0,
          "attributes": {
            "applied_dns_servers": [],
            "dns_servers": [],
            "edge_zone": "",
            "enable_accelerated_networking": false,
            "enable_ip_forwarding": false,
            "id": "/subscriptions/ef9e729b-8b2c-44ec-b56c-3f9f717c69c1/resourceGroups/Windows-Resource-Group/providers/Microsoft.Network/networkInterfaces/n01545552-w-vm2-nic",
            "internal_dns_name_label": "",
            "internal_domain_name_suffix": "r13qaw4gnrkercnq2gqanmmmyd.ux.internal.cloudapp.net",
            "ip_configuration": [
              {
                "gateway_load_balancer_frontend_ip_configuration_id": "",
                "name": "n01545552-w-vm2-ipconfig",
                "primary": true,
                "private_ip_address": "10.0.1.4",
                "private_ip_address_allocation": "Dynamic",
                "private_ip_address_version": "IPv4",
                "public_ip_address_id": "/subscriptions/ef9e729b-8b2c-44ec-b56c-3f9f717c69c1/resourceGroups/Windows-Resource-Group/providers/Microsoft.Network/publicIPAddresses/n01545552-w-vm2-pip",
                "subnet_id": "/subscriptions/ef9e729b-8b2c-44ec-b56c-3f9f717c69c1/resourceGroups/Network-Resource-Group/providers/Microsoft.Network/virtualNetworks/network-vnet/subnets/network-subnet2"
              }
            ],
            "location": "canadacentral",
            "mac_address": "",
            "name": "n01545552-w-vm2-nic",
            "private_ip_address": "10.0.1.4",
            "private_ip_addresses": [
              "10.0.1.4"
            ],
            "resource_group_name": "Windows-Resource-Group",
            "tags": {
              "ContactEmail": "n01545552@humber.ca",
              "Environment": "Lab",
              "Name": "Terraform_Windows",
              "Project": "Windows"
            },
            "timeouts": null,
            "virtual_machine_id": ""
          },
          "sensitive_attributes": [],
          "private": "eyJlMmJmYjczMC1lY2FhLTExZTYtOGY4OC0zNDM2M2JjN2M0YzAiOnsiY3JlYXRlIjoxODAwMDAwMDAwMDAwLCJkZWxldGUiOjE4MDAwMDAwMDAwMDAsInJlYWQiOjMwMDAwMDAwMDAwMCwidXBkYXRlIjoxODAwMDAwMDAwMDAwfX0=",
          "dependencies": [
            "module.network.azurerm_subnet.second_subnet",
            "module.network.azurerm_virtual_network.virtual_net",
            "module.resource_group.azurerm_resource_group.network_resource_group",
            "module.resource_group.azurerm_resource_group.windows_resource_group",
            "module.windows.azurerm_public_ip.window_public_ip"
          ]
        }
      ]
    },
    {
      "module": "module.windows",
      "mode": "managed",
      "type": "azurerm_public_ip",
      "name": "window_public_ip",
      "provider": "provider[\"registry.terraform.io/hashicorp/azurerm\"]",
      "instances": [
        {
          "index_key": "n01545552-w-vm1",
          "schema_version": 0,
          "attributes": {
            "allocation_method": "Dynamic",
            "ddos_protection_mode": "VirtualNetworkInherited",
            "ddos_protection_plan_id": null,
            "domain_name_label": "n01545552-w-vm1",
            "edge_zone": "",
            "fqdn": "n01545552-w-vm1.canadacentral.cloudapp.azure.com",
            "id": "/subscriptions/ef9e729b-8b2c-44ec-b56c-3f9f717c69c1/resourceGroups/Windows-Resource-Group/providers/Microsoft.Network/publicIPAddresses/n01545552-w-vm1-pip",
            "idle_timeout_in_minutes": 4,
            "ip_address": "",
            "ip_tags": null,
            "ip_version": "IPv4",
            "location": "canadacentral",
            "name": "n01545552-w-vm1-pip",
            "public_ip_prefix_id": null,
            "resource_group_name": "Windows-Resource-Group",
            "reverse_fqdn": "",
            "sku": "Basic",
            "sku_tier": "Regional",
            "tags": {
              "ContactEmail": "n01545552@humber.ca",
              "Environment": "Lab",
              "Name": "Terraform_Windows",
              "Project": "Windows"
            },
            "timeouts": null,
            "zones": null
          },
          "sensitive_attributes": [],
          "private": "eyJlMmJmYjczMC1lY2FhLTExZTYtOGY4OC0zNDM2M2JjN2M0YzAiOnsiY3JlYXRlIjoxODAwMDAwMDAwMDAwLCJkZWxldGUiOjE4MDAwMDAwMDAwMDAsInJlYWQiOjMwMDAwMDAwMDAwMCwidXBkYXRlIjoxODAwMDAwMDAwMDAwfX0=",
          "dependencies": [
            "module.resource_group.azurerm_resource_group.windows_resource_group"
          ]
        },
        {
          "index_key": "n01545552-w-vm2",
          "schema_version": 0,
          "attributes": {
            "allocation_method": "Dynamic",
            "ddos_protection_mode": "VirtualNetworkInherited",
            "ddos_protection_plan_id": null,
            "domain_name_label": "n01545552-w-vm2",
            "edge_zone": "",
            "fqdn": "n01545552-w-vm2.canadacentral.cloudapp.azure.com",
            "id": "/subscriptions/ef9e729b-8b2c-44ec-b56c-3f9f717c69c1/resourceGroups/Windows-Resource-Group/providers/Microsoft.Network/publicIPAddresses/n01545552-w-vm2-pip",
            "idle_timeout_in_minutes": 4,
            "ip_address": "",
            "ip_tags": null,
            "ip_version": "IPv4",
            "location": "canadacentral",
            "name": "n01545552-w-vm2-pip",
            "public_ip_prefix_id": null,
            "resource_group_name": "Windows-Resource-Group",
            "reverse_fqdn": "",
            "sku": "Basic",
            "sku_tier": "Regional",
            "tags": {
              "ContactEmail": "n01545552@humber.ca",
              "Environment": "Lab",
              "Name": "Terraform_Windows",
              "Project": "Windows"
            },
            "timeouts": null,
            "zones": null
          },
          "sensitive_attributes": [],
          "private": "eyJlMmJmYjczMC1lY2FhLTExZTYtOGY4OC0zNDM2M2JjN2M0YzAiOnsiY3JlYXRlIjoxODAwMDAwMDAwMDAwLCJkZWxldGUiOjE4MDAwMDAwMDAwMDAsInJlYWQiOjMwMDAwMDAwMDAwMCwidXBkYXRlIjoxODAwMDAwMDAwMDAwfX0=",
          "dependencies": [
            "module.resource_group.azurerm_resource_group.windows_resource_group"
          ]
        }
      ]
    },
    {
      "module": "module.windows",
      "mode": "managed",
      "type": "azurerm_windows_virtual_machine",
      "name": "window_vm",
      "provider": "provider[\"registry.terraform.io/hashicorp/azurerm\"]",
      "instances": [
        {
          "index_key": "n01545552-w-vm1",
          "schema_version": 0,
          "attributes": {
            "additional_capabilities": [],
            "additional_unattend_content": [],
            "admin_password": "n01545552!",
            "admin_username": "n01545552",
            "allow_extension_operations": true,
            "availability_set_id": "/subscriptions/ef9e729b-8b2c-44ec-b56c-3f9f717c69c1/resourceGroups/Windows-Resource-Group/providers/Microsoft.Compute/availabilitySets/WINDOWS_AVSET",
            "boot_diagnostics": [],
            "capacity_reservation_group_id": "",
            "computer_name": "n01545552-w-vm1",
            "custom_data": null,
            "dedicated_host_group_id": "",
            "dedicated_host_id": "",
            "edge_zone": "",
            "enable_automatic_updates": true,
            "encryption_at_host_enabled": false,
            "eviction_policy": "",
            "extensions_time_budget": "PT1H30M",
            "gallery_application": [],
            "hotpatching_enabled": false,
            "id": "/subscriptions/ef9e729b-8b2c-44ec-b56c-3f9f717c69c1/resourceGroups/Windows-Resource-Group/providers/Microsoft.Compute/virtualMachines/n01545552-w-vm1",
            "identity": [],
            "license_type": "",
            "location": "canadacentral",
            "max_bid_price": -1,
            "name": "n01545552-w-vm1",
            "network_interface_ids": [
              "/subscriptions/ef9e729b-8b2c-44ec-b56c-3f9f717c69c1/resourceGroups/Windows-Resource-Group/providers/Microsoft.Network/networkInterfaces/n01545552-w-vm1-nic"
            ],
            "os_disk": [
              {
                "caching": "ReadWrite",
                "diff_disk_settings": [],
                "disk_encryption_set_id": "",
                "disk_size_gb": 128,
                "name": "n01545552-w-vm1-os-disk",
                "secure_vm_disk_encryption_set_id": "",
                "security_encryption_type": "",
                "storage_account_type": "StandardSSD_LRS",
                "write_accelerator_enabled": false
              }
            ],
            "patch_assessment_mode": "ImageDefault",
            "patch_mode": "AutomaticByOS",
            "plan": [],
            "platform_fault_domain": -1,
            "priority": "Regular",
            "private_ip_address": "10.0.1.5",
            "private_ip_addresses": [
              "10.0.1.5"
            ],
            "provision_vm_agent": true,
            "proximity_placement_group_id": "",
            "public_ip_address": "20.104.192.156",
            "public_ip_addresses": [
              "20.104.192.156"
            ],
            "resource_group_name": "Windows-Resource-Group",
            "secret": [],
            "secure_boot_enabled": false,
            "size": "Standard_B1s",
            "source_image_id": "",
            "source_image_reference": [
              {
                "offer": "WindowsServer",
                "publisher": "MicrosoftWindowsServer",
                "sku": "2016-Datacenter",
                "version": "latest"
              }
            ],
            "tags": {
              "ContactEmail": "n01545552@humber.ca",
              "Environment": "Lab",
              "Name": "Terraform_Windows",
              "Project": "Windows"
            },
            "termination_notification": null,
            "timeouts": null,
            "timezone": "",
            "user_data": "",
            "virtual_machine_id": "fe2e212b-7307-4604-96e3-102ba4d85456",
            "virtual_machine_scale_set_id": "",
            "vtpm_enabled": false,
            "winrm_listener": [
              {
                "certificate_url": "",
                "protocol": "Http"
              }
            ],
            "zone": ""
          },
          "sensitive_attributes": [],
          "private": "eyJlMmJmYjczMC1lY2FhLTExZTYtOGY4OC0zNDM2M2JjN2M0YzAiOnsiY3JlYXRlIjoyNzAwMDAwMDAwMDAwLCJkZWxldGUiOjI3MDAwMDAwMDAwMDAsInJlYWQiOjMwMDAwMDAwMDAwMCwidXBkYXRlIjoyNzAwMDAwMDAwMDAwfX0=",
          "dependencies": [
            "module.network.azurerm_subnet.second_subnet",
            "module.network.azurerm_virtual_network.virtual_net",
            "module.resource_group.azurerm_resource_group.network_resource_group",
            "module.resource_group.azurerm_resource_group.windows_resource_group",
            "module.windows.azurerm_availability_set.window_availablity_set",
            "module.windows.azurerm_network_interface.window_net_interface",
            "module.windows.azurerm_public_ip.window_public_ip"
          ]
        },
        {
          "index_key": "n01545552-w-vm2",
          "schema_version": 0,
          "attributes": {
            "additional_capabilities": [],
            "additional_unattend_content": [],
            "admin_password": "n01545552!",
            "admin_username": "n01545552",
            "allow_extension_operations": true,
            "availability_set_id": "/subscriptions/ef9e729b-8b2c-44ec-b56c-3f9f717c69c1/resourceGroups/Windows-Resource-Group/providers/Microsoft.Compute/availabilitySets/WINDOWS_AVSET",
            "boot_diagnostics": [],
            "capacity_reservation_group_id": "",
            "computer_name": "n01545552-w-vm2",
            "custom_data": null,
            "dedicated_host_group_id": "",
            "dedicated_host_id": "",
            "edge_zone": "",
            "enable_automatic_updates": true,
            "encryption_at_host_enabled": false,
            "eviction_policy": "",
            "extensions_time_budget": "PT1H30M",
            "gallery_application": [],
            "hotpatching_enabled": false,
            "id": "/subscriptions/ef9e729b-8b2c-44ec-b56c-3f9f717c69c1/resourceGroups/Windows-Resource-Group/providers/Microsoft.Compute/virtualMachines/n01545552-w-vm2",
            "identity": [],
            "license_type": "",
            "location": "canadacentral",
            "max_bid_price": -1,
            "name": "n01545552-w-vm2",
            "network_interface_ids": [
              "/subscriptions/ef9e729b-8b2c-44ec-b56c-3f9f717c69c1/resourceGroups/Windows-Resource-Group/providers/Microsoft.Network/networkInterfaces/n01545552-w-vm2-nic"
            ],
            "os_disk": [
              {
                "caching": "ReadWrite",
                "diff_disk_settings": [],
                "disk_encryption_set_id": "",
                "disk_size_gb": 128,
                "name": "n01545552-w-vm2-os-disk",
                "secure_vm_disk_encryption_set_id": "",
                "security_encryption_type": "",
                "storage_account_type": "StandardSSD_LRS",
                "write_accelerator_enabled": false
              }
            ],
            "patch_assessment_mode": "ImageDefault",
            "patch_mode": "AutomaticByOS",
            "plan": [],
            "platform_fault_domain": -1,
            "priority": "Regular",
            "private_ip_address": "10.0.1.4",
            "private_ip_addresses": [
              "10.0.1.4"
            ],
            "provision_vm_agent": true,
            "proximity_placement_group_id": "",
            "public_ip_address": "20.104.192.109",
            "public_ip_addresses": [
              "20.104.192.109"
            ],
            "resource_group_name": "Windows-Resource-Group",
            "secret": [],
            "secure_boot_enabled": false,
            "size": "Standard_B1ms",
            "source_image_id": "",
            "source_image_reference": [
              {
                "offer": "WindowsServer",
                "publisher": "MicrosoftWindowsServer",
                "sku": "2016-Datacenter",
                "version": "latest"
              }
            ],
            "tags": {
              "ContactEmail": "n01545552@humber.ca",
              "Environment": "Lab",
              "Name": "Terraform_Windows",
              "Project": "Windows"
            },
            "termination_notification": null,
            "timeouts": null,
            "timezone": "",
            "user_data": "",
            "virtual_machine_id": "99121475-574d-4bc5-8187-f4aa2fddb248",
            "virtual_machine_scale_set_id": "",
            "vtpm_enabled": false,
            "winrm_listener": [
              {
                "certificate_url": "",
                "protocol": "Http"
              }
            ],
            "zone": ""
          },
          "sensitive_attributes": [],
          "private": "eyJlMmJmYjczMC1lY2FhLTExZTYtOGY4OC0zNDM2M2JjN2M0YzAiOnsiY3JlYXRlIjoyNzAwMDAwMDAwMDAwLCJkZWxldGUiOjI3MDAwMDAwMDAwMDAsInJlYWQiOjMwMDAwMDAwMDAwMCwidXBkYXRlIjoyNzAwMDAwMDAwMDAwfX0=",
          "dependencies": [
            "module.network.azurerm_subnet.second_subnet",
            "module.network.azurerm_virtual_network.virtual_net",
            "module.resource_group.azurerm_resource_group.network_resource_group",
            "module.resource_group.azurerm_resource_group.windows_resource_group",
            "module.windows.azurerm_availability_set.window_availablity_set",
            "module.windows.azurerm_network_interface.window_net_interface",
            "module.windows.azurerm_public_ip.window_public_ip"
          ]
        }
      ]
    }
  ],
  "check_results": null
}
